{
    "version": 3,
    "terraform_version": "0.11.3",
    "serial": 9,
    "lineage": "73b5f24a-5012-43af-b4b6-6421c92797ea",
    "modules": [
        {
            "path": [
                "root"
            ],
            "outputs": {
                "Business-Unit": {
                    "sensitive": false,
                    "type": "string",
                    "value": "Utilities"
                },
                "OS_Disk_Size": {
                    "sensitive": false,
                    "type": "string",
                    "value": "20"
                },
                "OS_Name": {
                    "sensitive": false,
                    "type": "string",
                    "value": "Linux"
                },
                "Owner": {
                    "sensitive": false,
                    "type": "string",
                    "value": "Cloud Practice"
                },
                "Public_IP": {
                    "sensitive": false,
                    "type": "string",
                    "value": "104.42.0.29"
                },
                "Resource_Group_Name": {
                    "sensitive": false,
                    "type": "string",
                    "value": "CloudPractice-SCE"
                },
                "Storage_Disk_Size": {
                    "sensitive": false,
                    "type": "string",
                    "value": "32"
                },
                "Subnet": {
                    "sensitive": false,
                    "type": "string",
                    "value": "default"
                },
                "VM_ID": {
                    "sensitive": false,
                    "type": "string",
                    "value": "/subscriptions/505a17f3-6019-4221-b9c8-e28eea2d8603/resourceGroups/CloudPractice-SCE/providers/Microsoft.Compute/virtualMachines/vm-mm-dev"
                },
                "VM_Location": {
                    "sensitive": false,
                    "type": "string",
                    "value": "westus"
                },
                "VM_Name": {
                    "sensitive": false,
                    "type": "string",
                    "value": "vm-mm-dev"
                },
                "VM_Size": {
                    "sensitive": false,
                    "type": "string",
                    "value": "Standard_DS1_v2"
                },
                "VNet": {
                    "sensitive": false,
                    "type": "string",
                    "value": "CloudPractice-SCE-vnet"
                }
            },
            "resources": {
                "azurerm_managed_disk.disk": {
                    "type": "azurerm_managed_disk",
                    "depends_on": [
                        "data.azurerm_resource_group.rg"
                    ],
                    "primary": {
                        "id": "/subscriptions/505a17f3-6019-4221-b9c8-e28eea2d8603/resourceGroups/CloudPractice-SCE/providers/Microsoft.Compute/disks/md-mm-dev",
                        "attributes": {
                            "create_option": "Empty",
                            "disk_size_gb": "20",
                            "id": "/subscriptions/505a17f3-6019-4221-b9c8-e28eea2d8603/resourceGroups/CloudPractice-SCE/providers/Microsoft.Compute/disks/md-mm-dev",
                            "location": "westus",
                            "name": "md-mm-dev",
                            "resource_group_name": "CloudPractice-SCE",
                            "storage_account_type": "Standard_LRS",
                            "tags.%": "2",
                            "tags.Business-Unit": "Utilities",
                            "tags.Owner": "Cloud Practice",
                            "zones.#": "0"
                        },
                        "meta": {},
                        "tainted": false
                    },
                    "deposed": [],
                    "provider": "provider.azurerm"
                },
                "azurerm_network_interface.networkinterface": {
                    "type": "azurerm_network_interface",
                    "depends_on": [
                        "azurerm_network_security_group.securitygroup",
                        "azurerm_public_ip.eip",
                        "data.azurerm_resource_group.rg",
                        "data.azurerm_subnet.subnet"
                    ],
                    "primary": {
                        "id": "/subscriptions/505a17f3-6019-4221-b9c8-e28eea2d8603/resourceGroups/CloudPractice-SCE/providers/Microsoft.Network/networkInterfaces/ni-mm-dev",
                        "attributes": {
                            "applied_dns_servers.#": "0",
                            "dns_servers.#": "0",
                            "enable_accelerated_networking": "false",
                            "enable_ip_forwarding": "false",
                            "id": "/subscriptions/505a17f3-6019-4221-b9c8-e28eea2d8603/resourceGroups/CloudPractice-SCE/providers/Microsoft.Network/networkInterfaces/ni-mm-dev",
                            "internal_dns_name_label": "",
                            "internal_fqdn": "",
                            "ip_configuration.#": "1",
                            "ip_configuration.0.application_security_group_ids.#": "0",
                            "ip_configuration.0.load_balancer_backend_address_pools_ids.#": "0",
                            "ip_configuration.0.load_balancer_inbound_nat_rules_ids.#": "0",
                            "ip_configuration.0.name": "Terraform",
                            "ip_configuration.0.primary": "true",
                            "ip_configuration.0.private_ip_address": "",
                            "ip_configuration.0.private_ip_address_allocation": "dynamic",
                            "ip_configuration.0.public_ip_address_id": "/subscriptions/505a17f3-6019-4221-b9c8-e28eea2d8603/resourceGroups/CloudPractice-SCE/providers/Microsoft.Network/publicIPAddresses/ip-mm-dev",
                            "ip_configuration.0.subnet_id": "/subscriptions/505a17f3-6019-4221-b9c8-e28eea2d8603/resourceGroups/CloudPractice-SCE/providers/Microsoft.Network/virtualNetworks/CloudPractice-SCE-vnet/subnets/default",
                            "location": "westus",
                            "mac_address": "",
                            "name": "ni-mm-dev",
                            "network_security_group_id": "/subscriptions/505a17f3-6019-4221-b9c8-e28eea2d8603/resourceGroups/CloudPractice-SCE/providers/Microsoft.Network/networkSecurityGroups/sg-mm-dev",
                            "private_ip_address": "10.1.0.14",
                            "private_ip_addresses.#": "1",
                            "private_ip_addresses.0": "10.1.0.14",
                            "resource_group_name": "CloudPractice-SCE",
                            "tags.%": "2",
                            "tags.Business-Unit": "Utilities",
                            "tags.Owner": "Cloud Practice"
                        },
                        "meta": {},
                        "tainted": false
                    },
                    "deposed": [],
                    "provider": "provider.azurerm"
                },
                "azurerm_network_security_group.securitygroup": {
                    "type": "azurerm_network_security_group",
                    "depends_on": [
                        "data.azurerm_resource_group.rg"
                    ],
                    "primary": {
                        "id": "/subscriptions/505a17f3-6019-4221-b9c8-e28eea2d8603/resourceGroups/CloudPractice-SCE/providers/Microsoft.Network/networkSecurityGroups/sg-mm-dev",
                        "attributes": {
                            "id": "/subscriptions/505a17f3-6019-4221-b9c8-e28eea2d8603/resourceGroups/CloudPractice-SCE/providers/Microsoft.Network/networkSecurityGroups/sg-mm-dev",
                            "location": "westus",
                            "name": "sg-mm-dev",
                            "resource_group_name": "CloudPractice-SCE",
                            "security_rule.#": "1",
                            "security_rule.2241733348.access": "Allow",
                            "security_rule.2241733348.description": "",
                            "security_rule.2241733348.destination_address_prefix": "*",
                            "security_rule.2241733348.destination_address_prefixes.#": "0",
                            "security_rule.2241733348.destination_application_security_group_ids.#": "0",
                            "security_rule.2241733348.destination_port_range": "*",
                            "security_rule.2241733348.destination_port_ranges.#": "0",
                            "security_rule.2241733348.direction": "Inbound",
                            "security_rule.2241733348.name": "All-TCP",
                            "security_rule.2241733348.priority": "100",
                            "security_rule.2241733348.protocol": "Tcp",
                            "security_rule.2241733348.source_address_prefix": "*",
                            "security_rule.2241733348.source_address_prefixes.#": "0",
                            "security_rule.2241733348.source_application_security_group_ids.#": "0",
                            "security_rule.2241733348.source_port_range": "*",
                            "security_rule.2241733348.source_port_ranges.#": "0",
                            "tags.%": "2",
                            "tags.Business-Unit": "Utilities",
                            "tags.Owner": "Cloud Practice"
                        },
                        "meta": {},
                        "tainted": false
                    },
                    "deposed": [],
                    "provider": "provider.azurerm"
                },
                "azurerm_public_ip.eip": {
                    "type": "azurerm_public_ip",
                    "depends_on": [
                        "data.azurerm_resource_group.rg"
                    ],
                    "primary": {
                        "id": "/subscriptions/505a17f3-6019-4221-b9c8-e28eea2d8603/resourceGroups/CloudPractice-SCE/providers/Microsoft.Network/publicIPAddresses/ip-mm-dev",
                        "attributes": {
                            "id": "/subscriptions/505a17f3-6019-4221-b9c8-e28eea2d8603/resourceGroups/CloudPractice-SCE/providers/Microsoft.Network/publicIPAddresses/ip-mm-dev",
                            "ip_address": "104.42.0.29",
                            "location": "westus",
                            "name": "ip-mm-dev",
                            "public_ip_address_allocation": "static",
                            "resource_group_name": "CloudPractice-SCE",
                            "sku": "Basic",
                            "tags.%": "2",
                            "tags.Business-Unit": "Utilities",
                            "tags.Owner": "Cloud Practice",
                            "zones.#": "0"
                        },
                        "meta": {},
                        "tainted": false
                    },
                    "deposed": [],
                    "provider": "provider.azurerm"
                },
                "azurerm_virtual_machine.vm": {
                    "type": "azurerm_virtual_machine",
                    "depends_on": [
                        "azurerm_managed_disk.disk",
                        "azurerm_network_interface.networkinterface",
                        "data.azurerm_resource_group.rg"
                    ],
                    "primary": {
                        "id": "/subscriptions/505a17f3-6019-4221-b9c8-e28eea2d8603/resourceGroups/CloudPractice-SCE/providers/Microsoft.Compute/virtualMachines/vm-mm-dev",
                        "attributes": {
                            "delete_data_disks_on_termination": "true",
                            "delete_os_disk_on_termination": "true",
                            "id": "/subscriptions/505a17f3-6019-4221-b9c8-e28eea2d8603/resourceGroups/CloudPractice-SCE/providers/Microsoft.Compute/virtualMachines/vm-mm-dev",
                            "identity.#": "0",
                            "location": "westus",
                            "name": "vm-mm-dev",
                            "network_interface_ids.#": "1",
                            "network_interface_ids.0": "/subscriptions/505a17f3-6019-4221-b9c8-e28eea2d8603/resourceGroups/CloudPractice-SCE/providers/Microsoft.Network/networkInterfaces/ni-mm-dev",
                            "os_profile.#": "1",
                            "os_profile.2690290187.admin_password": "",
                            "os_profile.2690290187.admin_username": "vineet",
                            "os_profile.2690290187.computer_name": "Chef",
                            "os_profile.2690290187.custom_data": "",
                            "os_profile_linux_config.#": "1",
                            "os_profile_linux_config.2972667452.disable_password_authentication": "false",
                            "os_profile_linux_config.2972667452.ssh_keys.#": "0",
                            "os_profile_secrets.#": "0",
                            "resource_group_name": "CloudPractice-SCE",
                            "storage_data_disk.#": "1",
                            "storage_data_disk.0.caching": "None",
                            "storage_data_disk.0.create_option": "Attach",
                            "storage_data_disk.0.disk_size_gb": "20",
                            "storage_data_disk.0.lun": "0",
                            "storage_data_disk.0.managed_disk_id": "/subscriptions/505a17f3-6019-4221-b9c8-e28eea2d8603/resourceGroups/CloudPractice-SCE/providers/Microsoft.Compute/disks/md-mm-dev",
                            "storage_data_disk.0.managed_disk_type": "Standard_LRS",
                            "storage_data_disk.0.name": "md-mm-dev",
                            "storage_data_disk.0.vhd_uri": "",
                            "storage_image_reference.#": "1",
                            "storage_image_reference.2250550379.id": "",
                            "storage_image_reference.2250550379.offer": "RHEL",
                            "storage_image_reference.2250550379.publisher": "RedHat",
                            "storage_image_reference.2250550379.sku": "7.3",
                            "storage_image_reference.2250550379.version": "latest",
                            "storage_os_disk.#": "1",
                            "storage_os_disk.0.caching": "ReadWrite",
                            "storage_os_disk.0.create_option": "FromImage",
                            "storage_os_disk.0.disk_size_gb": "32",
                            "storage_os_disk.0.image_uri": "",
                            "storage_os_disk.0.managed_disk_id": "/subscriptions/505a17f3-6019-4221-b9c8-e28eea2d8603/resourceGroups/CloudPractice-SCE/providers/Microsoft.Compute/disks/od-mm-dev",
                            "storage_os_disk.0.managed_disk_type": "Standard_LRS",
                            "storage_os_disk.0.name": "od-mm-dev",
                            "storage_os_disk.0.os_type": "Linux",
                            "storage_os_disk.0.vhd_uri": "",
                            "tags.%": "2",
                            "tags.Business-Unit": "Utilities",
                            "tags.Owner": "Cloud Practice",
                            "vm_size": "Standard_DS1_v2",
                            "zones.#": "0"
                        },
                        "meta": {},
                        "tainted": false
                    },
                    "deposed": [],
                    "provider": "provider.azurerm"
                },
                "data.azurerm_resource_group.rg": {
                    "type": "azurerm_resource_group",
                    "depends_on": [],
                    "primary": {
                        "id": "/subscriptions/505a17f3-6019-4221-b9c8-e28eea2d8603/resourceGroups/CloudPractice-SCE",
                        "attributes": {
                            "id": "/subscriptions/505a17f3-6019-4221-b9c8-e28eea2d8603/resourceGroups/CloudPractice-SCE",
                            "location": "westus",
                            "name": "CloudPractice-SCE",
                            "tags.%": "0"
                        },
                        "meta": {},
                        "tainted": false
                    },
                    "deposed": [],
                    "provider": "provider.azurerm"
                },
                "data.azurerm_subnet.subnet": {
                    "type": "azurerm_subnet",
                    "depends_on": [
                        "data.azurerm_resource_group.rg",
                        "data.azurerm_virtual_network.vnet"
                    ],
                    "primary": {
                        "id": "/subscriptions/505a17f3-6019-4221-b9c8-e28eea2d8603/resourceGroups/CloudPractice-SCE/providers/Microsoft.Network/virtualNetworks/CloudPractice-SCE-vnet/subnets/default",
                        "attributes": {
                            "address_prefix": "10.1.0.0/24",
                            "id": "/subscriptions/505a17f3-6019-4221-b9c8-e28eea2d8603/resourceGroups/CloudPractice-SCE/providers/Microsoft.Network/virtualNetworks/CloudPractice-SCE-vnet/subnets/default",
                            "ip_configurations.#": "10",
                            "ip_configurations.1309122136": "/subscriptions/505a17f3-6019-4221-b9c8-e28eea2d8603/resourceGroups/CloudPractice-SCE/providers/Microsoft.Network/networkInterfaces/scedevopsqanode163/ipConfigurations/ipconfig1",
                            "ip_configurations.2119029179": "/subscriptions/505a17f3-6019-4221-b9c8-e28eea2d8603/resourceGroups/CloudPractice-SCE/providers/Microsoft.Network/networkInterfaces/Terraform-NetworkInterface/ipConfigurations/Terraform",
                            "ip_configurations.2155625905": "/subscriptions/505a17f3-6019-4221-b9c8-e28eea2d8603/resourceGroups/CloudPractice-SCE/providers/Microsoft.Network/networkInterfaces/scedevopschefserver626/ipConfigurations/ipconfig1",
                            "ip_configurations.2423010295": "/subscriptions/505a17f3-6019-4221-b9c8-e28eea2d8603/resourceGroups/CloudPractice-SCE/providers/Microsoft.Network/networkInterfaces/devops-sce76/ipConfigurations/ipconfig1",
                            "ip_configurations.277925135": "/subscriptions/505a17f3-6019-4221-b9c8-e28eea2d8603/resourceGroups/CloudPractice-SCE/providers/Microsoft.Network/networkInterfaces/desktop1440/ipConfigurations/ipconfig1",
                            "ip_configurations.3275540668": "/subscriptions/505a17f3-6019-4221-b9c8-e28eea2d8603/resourceGroups/CloudPractice-SCE/providers/Microsoft.Network/networkInterfaces/devopswindows29/ipConfigurations/ipconfig1",
                            "ip_configurations.3817495149": "/subscriptions/505a17f3-6019-4221-b9c8-e28eea2d8603/resourceGroups/CloudPractice-SCE/providers/Microsoft.Network/networkInterfaces/scedemochef170/ipConfigurations/ipconfig1",
                            "ip_configurations.3982776939": "/subscriptions/505a17f3-6019-4221-b9c8-e28eea2d8603/resourceGroups/CloudPractice-SCE/providers/Microsoft.Network/networkInterfaces/devopswindows686/ipConfigurations/ipconfig1",
                            "ip_configurations.742148723": "/subscriptions/505a17f3-6019-4221-b9c8-e28eea2d8603/resourceGroups/CloudPractice-SCE/providers/Microsoft.Network/networkInterfaces/testnode606/ipConfigurations/ipconfig1",
                            "ip_configurations.948331039": "/subscriptions/505a17f3-6019-4221-b9c8-e28eea2d8603/resourceGroups/CloudPractice-SCE/providers/Microsoft.Network/networkInterfaces/devopswindows128/ipConfigurations/ipconfig1",
                            "name": "default",
                            "network_security_group_id": "",
                            "resource_group_name": "CloudPractice-SCE",
                            "route_table_id": "",
                            "virtual_network_name": "CloudPractice-SCE-vnet"
                        },
                        "meta": {},
                        "tainted": false
                    },
                    "deposed": [],
                    "provider": "provider.azurerm"
                },
                "data.azurerm_virtual_network.vnet": {
                    "type": "azurerm_virtual_network",
                    "depends_on": [
                        "data.azurerm_resource_group.rg"
                    ],
                    "primary": {
                        "id": "/subscriptions/505a17f3-6019-4221-b9c8-e28eea2d8603/resourceGroups/CloudPractice-SCE/providers/Microsoft.Network/virtualNetworks/CloudPractice-SCE-vnet",
                        "attributes": {
                            "address_spaces.#": "1",
                            "address_spaces.0": "10.1.0.0/24",
                            "id": "/subscriptions/505a17f3-6019-4221-b9c8-e28eea2d8603/resourceGroups/CloudPractice-SCE/providers/Microsoft.Network/virtualNetworks/CloudPractice-SCE-vnet",
                            "name": "CloudPractice-SCE-vnet",
                            "resource_group_name": "CloudPractice-SCE",
                            "subnets.#": "1",
                            "subnets.0": "default",
                            "vnet_peerings.%": "0"
                        },
                        "meta": {},
                        "tainted": false
                    },
                    "deposed": [],
                    "provider": "provider.azurerm"
                }
            },
            "depends_on": []
        }
    ]
}
