{
    "version": 3,
    "terraform_version": "0.11.3",
    "serial": 45,
    "lineage": "9f306228-5f05-4e54-9a31-31d1011bac5f",
    "modules": [
        {
            "path": [
                "root"
            ],
            "outputs": {
                "Network_Interface": {
                    "sensitive": false,
                    "type": "string",
                    "value": "/subscriptions/505a17f3-6019-4221-b9c8-e28eea2d8603/resourceGroups/Terraform-Azure/providers/Microsoft.Network/networkInterfaces/Terraform-NetworkInterface"
                },
                "Private_IP": {
                    "sensitive": false,
                    "type": "string",
                    "value": "10.0.1.4"
                },
                "Public_IP": {
                    "sensitive": false,
                    "type": "string",
                    "value": "40.112.221.5"
                },
                "Resourrce_Group_Location": {
                    "sensitive": false,
                    "type": "string",
                    "value": "westus"
                },
                "Resourrce_Group_Name": {
                    "sensitive": false,
                    "type": "string",
                    "value": "Terraform-Azure"
                },
                "Security_Group_ID": {
                    "sensitive": false,
                    "type": "string",
                    "value": "/subscriptions/505a17f3-6019-4221-b9c8-e28eea2d8603/resourceGroups/Terraform-Azure/providers/Microsoft.Network/networkSecurityGroups/Terraform-SG"
                }
            },
            "resources": {
                "azurerm_managed_disk.disk": {
                    "type": "azurerm_managed_disk",
                    "depends_on": [
                        "azurerm_resource_group.rg"
                    ],
                    "primary": {
                        "id": "/subscriptions/505a17f3-6019-4221-b9c8-e28eea2d8603/resourceGroups/Terraform-Azure/providers/Microsoft.Compute/disks/Chef",
                        "attributes": {
                            "create_option": "Empty",
                            "disk_size_gb": "10",
                            "id": "/subscriptions/505a17f3-6019-4221-b9c8-e28eea2d8603/resourceGroups/Terraform-Azure/providers/Microsoft.Compute/disks/Chef",
                            "location": "westus",
                            "name": "Chef",
                            "resource_group_name": "Terraform-Azure",
                            "storage_account_type": "Standard_LRS",
                            "tags.%": "0"
                        },
                        "meta": {},
                        "tainted": false
                    },
                    "deposed": [],
                    "provider": "provider.azurerm"
                },
                "azurerm_network_interface.networkinterface": {
                    "type": "azurerm_network_interface",
                    "depends_on": [
                        "azurerm_network_security_group.securitygroup",
                        "azurerm_public_ip.eip",
                        "azurerm_resource_group.rg",
                        "azurerm_subnet.PublicSubnetA"
                    ],
                    "primary": {
                        "id": "/subscriptions/505a17f3-6019-4221-b9c8-e28eea2d8603/resourceGroups/Terraform-Azure/providers/Microsoft.Network/networkInterfaces/Terraform-NetworkInterface",
                        "attributes": {
                            "applied_dns_servers.#": "0",
                            "dns_servers.#": "0",
                            "enable_accelerated_networking": "false",
                            "enable_ip_forwarding": "false",
                            "id": "/subscriptions/505a17f3-6019-4221-b9c8-e28eea2d8603/resourceGroups/Terraform-Azure/providers/Microsoft.Network/networkInterfaces/Terraform-NetworkInterface",
                            "internal_dns_name_label": "",
                            "ip_configuration.#": "1",
                            "ip_configuration.0.application_security_group_ids.#": "0",
                            "ip_configuration.0.load_balancer_backend_address_pools_ids.#": "0",
                            "ip_configuration.0.load_balancer_inbound_nat_rules_ids.#": "0",
                            "ip_configuration.0.name": "Terraform",
                            "ip_configuration.0.primary": "true",
                            "ip_configuration.0.private_ip_address": "",
                            "ip_configuration.0.private_ip_address_allocation": "dynamic",
                            "ip_configuration.0.public_ip_address_id": "/subscriptions/505a17f3-6019-4221-b9c8-e28eea2d8603/resourceGroups/Terraform-Azure/providers/Microsoft.Network/publicIPAddresses/Terraform-PublicIP",
                            "ip_configuration.0.subnet_id": "/subscriptions/505a17f3-6019-4221-b9c8-e28eea2d8603/resourceGroups/Terraform-Azure/providers/Microsoft.Network/virtualNetworks/Terraform-VNet/subnets/PublicSubnetA",
                            "location": "westus",
                            "mac_address": "00-0D-3A-36-68-86",
                            "name": "Terraform-NetworkInterface",
                            "network_security_group_id": "/subscriptions/505a17f3-6019-4221-b9c8-e28eea2d8603/resourceGroups/Terraform-Azure/providers/Microsoft.Network/networkSecurityGroups/Terraform-SG",
                            "private_ip_address": "10.0.1.4",
                            "private_ip_addresses.#": "1",
                            "private_ip_addresses.0": "10.0.1.4",
                            "resource_group_name": "Terraform-Azure",
                            "tags.%": "1",
                            "tags.createdby": "Terraform",
                            "virtual_machine_id": "/subscriptions/505a17f3-6019-4221-b9c8-e28eea2d8603/resourceGroups/Terraform-Azure/providers/Microsoft.Compute/virtualMachines/ChefLinux-VM"
                        },
                        "meta": {},
                        "tainted": false
                    },
                    "deposed": [],
                    "provider": "provider.azurerm"
                },
                "azurerm_network_security_group.securitygroup": {
                    "type": "azurerm_network_security_group",
                    "depends_on": [
                        "azurerm_resource_group.rg"
                    ],
                    "primary": {
                        "id": "/subscriptions/505a17f3-6019-4221-b9c8-e28eea2d8603/resourceGroups/Terraform-Azure/providers/Microsoft.Network/networkSecurityGroups/Terraform-SG",
                        "attributes": {
                            "id": "/subscriptions/505a17f3-6019-4221-b9c8-e28eea2d8603/resourceGroups/Terraform-Azure/providers/Microsoft.Network/networkSecurityGroups/Terraform-SG",
                            "location": "westus",
                            "name": "Terraform-SG",
                            "resource_group_name": "Terraform-Azure",
                            "security_rule.#": "1",
                            "security_rule.3937484963.access": "Allow",
                            "security_rule.3937484963.description": "",
                            "security_rule.3937484963.destination_address_prefix": "*",
                            "security_rule.3937484963.destination_address_prefixes.#": "0",
                            "security_rule.3937484963.destination_port_range": "*",
                            "security_rule.3937484963.destination_port_ranges.#": "0",
                            "security_rule.3937484963.direction": "Inbound",
                            "security_rule.3937484963.name": "Any",
                            "security_rule.3937484963.priority": "1001",
                            "security_rule.3937484963.protocol": "Tcp",
                            "security_rule.3937484963.source_address_prefix": "*",
                            "security_rule.3937484963.source_address_prefixes.#": "0",
                            "security_rule.3937484963.source_port_range": "*",
                            "security_rule.3937484963.source_port_ranges.#": "0",
                            "tags.%": "1",
                            "tags.createdby": "Terraform"
                        },
                        "meta": {},
                        "tainted": false
                    },
                    "deposed": [],
                    "provider": "provider.azurerm"
                },
                "azurerm_network_security_rule.ingress": {
                    "type": "azurerm_network_security_rule",
                    "depends_on": [
                        "azurerm_network_security_group.securitygroup",
                        "azurerm_resource_group.rg"
                    ],
                    "primary": {
                        "id": "/subscriptions/505a17f3-6019-4221-b9c8-e28eea2d8603/resourceGroups/Terraform-Azure/providers/Microsoft.Network/networkSecurityGroups/Terraform-SG/securityRules/Any",
                        "attributes": {
                            "access": "Allow",
                            "description": "",
                            "destination_address_prefix": "*",
                            "destination_address_prefixes.#": "0",
                            "destination_port_range": "*",
                            "destination_port_ranges.#": "0",
                            "direction": "Inbound",
                            "id": "/subscriptions/505a17f3-6019-4221-b9c8-e28eea2d8603/resourceGroups/Terraform-Azure/providers/Microsoft.Network/networkSecurityGroups/Terraform-SG/securityRules/Any",
                            "name": "Any",
                            "network_security_group_name": "Terraform-SG",
                            "priority": "1001",
                            "protocol": "Tcp",
                            "resource_group_name": "Terraform-Azure",
                            "source_address_prefix": "*",
                            "source_address_prefixes.#": "0",
                            "source_port_range": "*",
                            "source_port_ranges.#": "0"
                        },
                        "meta": {},
                        "tainted": false
                    },
                    "deposed": [],
                    "provider": "provider.azurerm"
                },
                "azurerm_public_ip.eip": {
                    "type": "azurerm_public_ip",
                    "depends_on": [
                        "azurerm_resource_group.rg"
                    ],
                    "primary": {
                        "id": "/subscriptions/505a17f3-6019-4221-b9c8-e28eea2d8603/resourceGroups/Terraform-Azure/providers/Microsoft.Network/publicIPAddresses/Terraform-PublicIP",
                        "attributes": {
                            "domain_name_label": "linuxdemo",
                            "fqdn": "linuxdemo.westus.cloudapp.azure.com",
                            "id": "/subscriptions/505a17f3-6019-4221-b9c8-e28eea2d8603/resourceGroups/Terraform-Azure/providers/Microsoft.Network/publicIPAddresses/Terraform-PublicIP",
                            "ip_address": "40.112.221.5",
                            "location": "westus",
                            "name": "Terraform-PublicIP",
                            "public_ip_address_allocation": "static",
                            "resource_group_name": "Terraform-Azure",
                            "sku": "Basic",
                            "tags.%": "1",
                            "tags.createdby": "Terraform"
                        },
                        "meta": {},
                        "tainted": false
                    },
                    "deposed": [],
                    "provider": "provider.azurerm"
                },
                "azurerm_resource_group.rg": {
                    "type": "azurerm_resource_group",
                    "depends_on": [],
                    "primary": {
                        "id": "/subscriptions/505a17f3-6019-4221-b9c8-e28eea2d8603/resourceGroups/Terraform-Azure",
                        "attributes": {
                            "id": "/subscriptions/505a17f3-6019-4221-b9c8-e28eea2d8603/resourceGroups/Terraform-Azure",
                            "location": "westus",
                            "name": "Terraform-Azure",
                            "tags.%": "0"
                        },
                        "meta": {},
                        "tainted": false
                    },
                    "deposed": [],
                    "provider": "provider.azurerm"
                },
                "azurerm_route.routeentry": {
                    "type": "azurerm_route",
                    "depends_on": [
                        "azurerm_resource_group.rg",
                        "azurerm_route_table.routetable"
                    ],
                    "primary": {
                        "id": "/subscriptions/505a17f3-6019-4221-b9c8-e28eea2d8603/resourceGroups/Terraform-Azure/providers/Microsoft.Network/routeTables/Terraform-Routetable/routes/Terraform_RouteEnry",
                        "attributes": {
                            "address_prefix": "0.0.0.0/0",
                            "id": "/subscriptions/505a17f3-6019-4221-b9c8-e28eea2d8603/resourceGroups/Terraform-Azure/providers/Microsoft.Network/routeTables/Terraform-Routetable/routes/Terraform_RouteEnry",
                            "name": "Terraform_RouteEnry",
                            "next_hop_type": "Internet",
                            "resource_group_name": "Terraform-Azure",
                            "route_table_name": "Terraform-Routetable"
                        },
                        "meta": {},
                        "tainted": false
                    },
                    "deposed": [],
                    "provider": "provider.azurerm"
                },
                "azurerm_route_table.routetable": {
                    "type": "azurerm_route_table",
                    "depends_on": [
                        "azurerm_resource_group.rg"
                    ],
                    "primary": {
                        "id": "/subscriptions/505a17f3-6019-4221-b9c8-e28eea2d8603/resourceGroups/Terraform-Azure/providers/Microsoft.Network/routeTables/Terraform-Routetable",
                        "attributes": {
                            "id": "/subscriptions/505a17f3-6019-4221-b9c8-e28eea2d8603/resourceGroups/Terraform-Azure/providers/Microsoft.Network/routeTables/Terraform-Routetable",
                            "location": "westus",
                            "name": "Terraform-Routetable",
                            "resource_group_name": "Terraform-Azure",
                            "route.#": "1",
                            "route.0.address_prefix": "0.0.0.0/0",
                            "route.0.name": "Terraform_RouteEnry",
                            "route.0.next_hop_in_ip_address": "",
                            "route.0.next_hop_type": "Internet",
                            "subnets.#": "0",
                            "tags.%": "0"
                        },
                        "meta": {},
                        "tainted": false
                    },
                    "deposed": [],
                    "provider": "provider.azurerm"
                },
                "azurerm_subnet.PrivateSubnetA": {
                    "type": "azurerm_subnet",
                    "depends_on": [
                        "azurerm_resource_group.rg",
                        "azurerm_virtual_network.vnet"
                    ],
                    "primary": {
                        "id": "/subscriptions/505a17f3-6019-4221-b9c8-e28eea2d8603/resourceGroups/Terraform-Azure/providers/Microsoft.Network/virtualNetworks/Terraform-VNet/subnets/PrivateSubnetA",
                        "attributes": {
                            "address_prefix": "10.0.2.0/24",
                            "id": "/subscriptions/505a17f3-6019-4221-b9c8-e28eea2d8603/resourceGroups/Terraform-Azure/providers/Microsoft.Network/virtualNetworks/Terraform-VNet/subnets/PrivateSubnetA",
                            "ip_configurations.#": "0",
                            "name": "PrivateSubnetA",
                            "resource_group_name": "Terraform-Azure",
                            "service_endpoints.#": "0",
                            "virtual_network_name": "Terraform-VNet"
                        },
                        "meta": {},
                        "tainted": false
                    },
                    "deposed": [],
                    "provider": "provider.azurerm"
                },
                "azurerm_subnet.PrivateSubnetB": {
                    "type": "azurerm_subnet",
                    "depends_on": [
                        "azurerm_resource_group.rg",
                        "azurerm_virtual_network.vnet"
                    ],
                    "primary": {
                        "id": "/subscriptions/505a17f3-6019-4221-b9c8-e28eea2d8603/resourceGroups/Terraform-Azure/providers/Microsoft.Network/virtualNetworks/Terraform-VNet/subnets/PrivateSubnetB",
                        "attributes": {
                            "address_prefix": "10.0.4.0/24",
                            "id": "/subscriptions/505a17f3-6019-4221-b9c8-e28eea2d8603/resourceGroups/Terraform-Azure/providers/Microsoft.Network/virtualNetworks/Terraform-VNet/subnets/PrivateSubnetB",
                            "ip_configurations.#": "0",
                            "name": "PrivateSubnetB",
                            "resource_group_name": "Terraform-Azure",
                            "service_endpoints.#": "0",
                            "virtual_network_name": "Terraform-VNet"
                        },
                        "meta": {},
                        "tainted": false
                    },
                    "deposed": [],
                    "provider": "provider.azurerm"
                },
                "azurerm_subnet.PublicSubnetA": {
                    "type": "azurerm_subnet",
                    "depends_on": [
                        "azurerm_resource_group.rg",
                        "azurerm_virtual_network.vnet"
                    ],
                    "primary": {
                        "id": "/subscriptions/505a17f3-6019-4221-b9c8-e28eea2d8603/resourceGroups/Terraform-Azure/providers/Microsoft.Network/virtualNetworks/Terraform-VNet/subnets/PublicSubnetA",
                        "attributes": {
                            "address_prefix": "10.0.1.0/24",
                            "id": "/subscriptions/505a17f3-6019-4221-b9c8-e28eea2d8603/resourceGroups/Terraform-Azure/providers/Microsoft.Network/virtualNetworks/Terraform-VNet/subnets/PublicSubnetA",
                            "ip_configurations.#": "1",
                            "ip_configurations.2214330605": "/subscriptions/505a17f3-6019-4221-b9c8-e28eea2d8603/resourceGroups/Terraform-Azure/providers/Microsoft.Network/networkInterfaces/Terraform-NetworkInterface/ipConfigurations/Terraform",
                            "name": "PublicSubnetA",
                            "resource_group_name": "Terraform-Azure",
                            "service_endpoints.#": "0",
                            "virtual_network_name": "Terraform-VNet"
                        },
                        "meta": {},
                        "tainted": false
                    },
                    "deposed": [],
                    "provider": "provider.azurerm"
                },
                "azurerm_subnet.PublicSubnetB": {
                    "type": "azurerm_subnet",
                    "depends_on": [
                        "azurerm_resource_group.rg",
                        "azurerm_virtual_network.vnet"
                    ],
                    "primary": {
                        "id": "/subscriptions/505a17f3-6019-4221-b9c8-e28eea2d8603/resourceGroups/Terraform-Azure/providers/Microsoft.Network/virtualNetworks/Terraform-VNet/subnets/PublicSubnetB",
                        "attributes": {
                            "address_prefix": "10.0.3.0/24",
                            "id": "/subscriptions/505a17f3-6019-4221-b9c8-e28eea2d8603/resourceGroups/Terraform-Azure/providers/Microsoft.Network/virtualNetworks/Terraform-VNet/subnets/PublicSubnetB",
                            "ip_configurations.#": "0",
                            "name": "PublicSubnetB",
                            "resource_group_name": "Terraform-Azure",
                            "service_endpoints.#": "0",
                            "virtual_network_name": "Terraform-VNet"
                        },
                        "meta": {},
                        "tainted": false
                    },
                    "deposed": [],
                    "provider": "provider.azurerm"
                },
                "azurerm_virtual_network.vnet": {
                    "type": "azurerm_virtual_network",
                    "depends_on": [
                        "azurerm_resource_group.rg"
                    ],
                    "primary": {
                        "id": "/subscriptions/505a17f3-6019-4221-b9c8-e28eea2d8603/resourceGroups/Terraform-Azure/providers/Microsoft.Network/virtualNetworks/Terraform-VNet",
                        "attributes": {
                            "address_space.#": "1",
                            "address_space.0": "10.0.0.0/16",
                            "dns_servers.#": "0",
                            "id": "/subscriptions/505a17f3-6019-4221-b9c8-e28eea2d8603/resourceGroups/Terraform-Azure/providers/Microsoft.Network/virtualNetworks/Terraform-VNet",
                            "location": "westus",
                            "name": "Terraform-VNet",
                            "resource_group_name": "Terraform-Azure",
                            "subnet.#": "4",
                            "subnet.158131189.address_prefix": "10.0.1.0/24",
                            "subnet.158131189.name": "PublicSubnetA",
                            "subnet.158131189.security_group": "",
                            "subnet.2524597862.address_prefix": "10.0.2.0/24",
                            "subnet.2524597862.name": "PrivateSubnetA",
                            "subnet.2524597862.security_group": "",
                            "subnet.859475982.address_prefix": "10.0.3.0/24",
                            "subnet.859475982.name": "PublicSubnetB",
                            "subnet.859475982.security_group": "",
                            "subnet.935165835.address_prefix": "10.0.4.0/24",
                            "subnet.935165835.name": "PrivateSubnetB",
                            "subnet.935165835.security_group": "",
                            "tags.%": "0"
                        },
                        "meta": {},
                        "tainted": false
                    },
                    "deposed": [],
                    "provider": "provider.azurerm"
                }
            },
            "depends_on": []
        }
    ]
}
